// !$*UTF8*$!
{
	archiveVersion = 1;
	classes = {
	};
	objectVersion = 50;
	objects = {

/* Begin PBXBuildFile section */
		34BC92D922318ABC009C863F /* AppDelegate.swift in Sources */ = {isa = PBXBuildFile; fileRef = 34BC92D822318ABC009C863F /* AppDelegate.swift */; };
		34BC92DB22318ABC009C863F /* ViewController.swift in Sources */ = {isa = PBXBuildFile; fileRef = 34BC92DA22318ABC009C863F /* ViewController.swift */; };
		34BC92DE22318ABC009C863F /* Main.storyboard in Resources */ = {isa = PBXBuildFile; fileRef = 34BC92DC22318ABC009C863F /* Main.storyboard */; };
		34BC92E022318ABD009C863F /* Assets.xcassets in Resources */ = {isa = PBXBuildFile; fileRef = 34BC92DF22318ABD009C863F /* Assets.xcassets */; };
		34BC92E322318ABD009C863F /* LaunchScreen.storyboard in Resources */ = {isa = PBXBuildFile; fileRef = 34BC92E122318ABD009C863F /* LaunchScreen.storyboard */; };
		34BC92EC22319555009C863F /* WorldClock.storyboard in Resources */ = {isa = PBXBuildFile; fileRef = 34BC92EA22319555009C863F /* WorldClock.storyboard */; };
		34BC92EE223195AC009C863F /* Alarm.storyboard in Resources */ = {isa = PBXBuildFile; fileRef = 34BC92ED223195AC009C863F /* Alarm.storyboard */; };
		34BC92F12231978A009C863F /* Stopwatch.storyboard in Resources */ = {isa = PBXBuildFile; fileRef = 34BC92EF2231978A009C863F /* Stopwatch.storyboard */; };
		34BC92F3223197A6009C863F /* Timer.storyboard in Resources */ = {isa = PBXBuildFile; fileRef = 34BC92F2223197A6009C863F /* Timer.storyboard */; };
/* End PBXBuildFile section */

/* Begin PBXFileReference section */
		34BC92D522318ABC009C863F /* AppleAlarmApp.app */ = {isa = PBXFileReference; explicitFileType = wrapper.application; includeInIndex = 0; path = AppleAlarmApp.app; sourceTree = BUILT_PRODUCTS_DIR; };
		34BC92D822318ABC009C863F /* AppDelegate.swift */ = {isa = PBXFileReference; lastKnownFileType = sourcecode.swift; path = AppDelegate.swift; sourceTree = "<group>"; };
		34BC92DA22318ABC009C863F /* ViewController.swift */ = {isa = PBXFileReference; lastKnownFileType = sourcecode.swift; path = ViewController.swift; sourceTree = "<group>"; };
		34BC92DD22318ABC009C863F /* Base */ = {isa = PBXFileReference; lastKnownFileType = file.storyboard; name = Base; path = Base.lproj/Main.storyboard; sourceTree = "<group>"; };
		34BC92DF22318ABD009C863F /* Assets.xcassets */ = {isa = PBXFileReference; lastKnownFileType = folder.assetcatalog; path = Assets.xcassets; sourceTree = "<group>"; };
		34BC92E222318ABD009C863F /* Base */ = {isa = PBXFileReference; lastKnownFileType = file.storyboard; name = Base; path = Base.lproj/LaunchScreen.storyboard; sourceTree = "<group>"; };
		34BC92E422318ABD009C863F /* Info.plist */ = {isa = PBXFileReference; lastKnownFileType = text.plist.xml; path = Info.plist; sourceTree = "<group>"; };
		34BC92EB22319555009C863F /* Base */ = {isa = PBXFileReference; lastKnownFileType = file.storyboard; name = Base; path = AppleAlarmApp/Base.lproj/WorldClock.storyboard; sourceTree = "<group>"; };
		34BC92ED223195AC009C863F /* Alarm.storyboard */ = {isa = PBXFileReference; fileEncoding = 4; lastKnownFileType = file.storyboard; path = Alarm.storyboard; sourceTree = "<group>"; };
		34BC92F02231978A009C863F /* Base */ = {isa = PBXFileReference; lastKnownFileType = file.storyboard; name = Base; path = AppleAlarmApp/Base.lproj/Stopwatch.storyboard; sourceTree = "<group>"; };
		34BC92F2223197A6009C863F /* Timer.storyboard */ = {isa = PBXFileReference; fileEncoding = 4; lastKnownFileType = file.storyboard; path = Timer.storyboard; sourceTree = "<group>"; };
/* End PBXFileReference section */

/* Begin PBXFrameworksBuildPhase section */
		34BC92D222318ABC009C863F /* Frameworks */ = {
			isa = PBXFrameworksBuildPhase;
			buildActionMask = 2147483647;
			files = (
			);
			runOnlyForDeploymentPostprocessing = 0;
		};
/* End PBXFrameworksBuildPhase section */

/* Begin PBXGroup section */
		34BC92CC22318ABC009C863F = {
			isa = PBXGroup;
			children = (
				34BC92D722318ABC009C863F /* AppleAlarmApp */,
				34BC92D622318ABC009C863F /* Products */,
			);
			sourceTree = "<group>";
		};
		34BC92D622318ABC009C863F /* Products */ = {
			isa = PBXGroup;
			children = (
				34BC92D522318ABC009C863F /* AppleAlarmApp.app */,
			);
			name = Products;
			sourceTree = "<group>";
		};
		34BC92D722318ABC009C863F /* AppleAlarmApp */ = {
			isa = PBXGroup;
			children = (
				34BC92F5223197D1009C863F /* Resources */,
				34BC92DA22318ABC009C863F /* ViewController.swift */,
				34BC92F4223197C4009C863F /* StoryBoards */,
			);
			path = AppleAlarmApp;
			sourceTree = "<group>";
		};
		34BC92F4223197C4009C863F /* StoryBoards */ = {
			isa = PBXGroup;
			children = (
				34BC92F2223197A6009C863F /* Timer.storyboard */,
				34BC92EF2231978A009C863F /* Stopwatch.storyboard */,
				34BC92ED223195AC009C863F /* Alarm.storyboard */,
				34BC92EA22319555009C863F /* WorldClock.storyboard */,
				34BC92DC22318ABC009C863F /* Main.storyboard */,
			);
			path = StoryBoards;
			sourceTree = "<group>";
		};
		34BC92F5223197D1009C863F /* Resources */ = {
			isa = PBXGroup;
			children = (
				34BC92D822318ABC009C863F /* AppDelegate.swift */,
				34BC92DF22318ABD009C863F /* Assets.xcassets */,
				34BC92E122318ABD009C863F /* LaunchScreen.storyboard */,
				34BC92E422318ABD009C863F /* Info.plist */,
			);
			path = Resources;
			sourceTree = "<group>";
		};
/* End PBXGroup section */

/* Begin PBXNativeTarget section */
		34BC92D422318ABC009C863F /* AppleAlarmApp */ = {
			isa = PBXNativeTarget;
			buildConfigurationList = 34BC92E722318ABD009C863F /* Build configuration list for PBXNativeTarget "AppleAlarmApp" */;
			buildPhases = (
				34BC92D122318ABC009C863F /* Sources */,
				34BC92D222318ABC009C863F /* Frameworks */,
				34BC92D322318ABC009C863F /* Resources */,
			);
			buildRules = (
			);
			dependencies = (
			);
			name = AppleAlarmApp;
			productName = AppleAlarmApp;
			productReference = 34BC92D522318ABC009C863F /* AppleAlarmApp.app */;
			productType = "com.apple.product-type.application";
		};
/* End PBXNativeTarget section */

/* Begin PBXProject section */
		34BC92CD22318ABC009C863F /* Project object */ = {
			isa = PBXProject;
			attributes = {
				LastSwiftUpdateCheck = 1010;
				LastUpgradeCheck = 1010;
				ORGANIZATIONNAME = "Carlos Pendola";
				TargetAttributes = {
					34BC92D422318ABC009C863F = {
						CreatedOnToolsVersion = 10.1;
					};
				};
			};
			buildConfigurationList = 34BC92D022318ABC009C863F /* Build configuration list for PBXProject "AppleAlarmApp" */;
			compatibilityVersion = "Xcode 9.3";
			developmentRegion = en;
			hasScannedForEncodings = 0;
			knownRegions = (
				en,
				Base,
			);
			mainGroup = 34BC92CC22318ABC009C863F;
			productRefGroup = 34BC92D622318ABC009C863F /* Products */;
			projectDirPath = "";
			projectRoot = "";
			targets = (
				34BC92D422318ABC009C863F /* AppleAlarmApp */,
			);
		};
/* End PBXProject section */

/* Begin PBXResourcesBuildPhase section */
		34BC92D322318ABC009C863F /* Resources */ = {
			isa = PBXResourcesBuildPhase;
			buildActionMask = 2147483647;
			files = (
				34BC92EC22319555009C863F /* WorldClock.storyboard in Resources */,
				34BC92E322318ABD009C863F /* LaunchScreen.storyboard in Resources */,
				34BC92E022318ABD009C863F /* Assets.xcassets in Resources */,
				34BC92EE223195AC009C863F /* Alarm.storyboard in Resources */,
				34BC92F12231978A009C863F /* Stopwatch.storyboard in Resources */,
				34BC92F3223197A6009C863F /* Timer.storyboard in Resources */,
				34BC92DE22318ABC009C863F /* Main.storyboard in Resources */,
			);
			runOnlyForDeploymentPostprocessing = 0;
		};
/* End PBXResourcesBuildPhase section */

/* Begin PBXSourcesBuildPhase section */
		34BC92D122318ABC009C863F /* Sources */ = {
			isa = PBXSourcesBuildPhase;
			buildActionMask = 2147483647;
			files = (
				34BC92DB22318ABC009C863F /* ViewController.swift in Sources */,
				34BC92D922318ABC009C863F /* AppDelegate.swift in Sources */,
			);
			runOnlyForDeploymentPostprocessing = 0;
		};
/* End PBXSourcesBuildPhase section */

/* Begin PBXVariantGroup section */
		34BC92DC22318ABC009C863F /* Main.storyboard */ = {
			isa = PBXVariantGroup;
			children = (
				34BC92DD22318ABC009C863F /* Base */,
			);
			name = Main.storyboard;
			sourceTree = "<group>";
		};
		34BC92E122318ABD009C863F /* LaunchScreen.storyboard */ = {
			isa = PBXVariantGroup;
			children = (
				34BC92E222318ABD009C863F /* Base */,
			);
			name = LaunchScreen.storyboard;
			sourceTree = "<group>";
		};
		34BC92EA22319555009C863F /* WorldClock.storyboard */ = {
			isa = PBXVariantGroup;
			children = (
				34BC92EB22319555009C863F /* Base */,
			);
			name = WorldClock.storyboard;
			sourceTree = "<group>";
		};
		34BC92EF2231978A009C863F /* Stopwatch.storyboard */ = {
			isa = PBXVariantGroup;
			children = (
				34BC92F02231978A009C863F /* Base */,
			);
			name = Stopwatch.storyboard;
			sourceTree = "<group>";
		};
/* End PBXVariantGroup section */

/* Begin XCBuildConfiguration section */
		34BC92E522318ABD009C863F /* Debug */ = {
			isa = XCBuildConfiguration;
			buildSettings = {
				ALWAYS_SEARCH_USER_PATHS = NO;
				CLANG_ANALYZER_NONNULL = YES;
				CLANG_ANALYZER_NUMBER_OBJECT_CONVERSION = YES_AGGRESSIVE;
				CLANG_CXX_LANGUAGE_STANDARD = "gnu++14";
				CLANG_CXX_LIBRARY = "libc++";
				CLANG_ENABLE_MODULES = YES;
				CLANG_ENABLE_OBJC_ARC = YES;
				CLANG_ENABLE_OBJC_WEAK = YES;
				CLANG_WARN_BLOCK_CAPTURE_AUTORELEASING = YES;
				CLANG_WARN_BOOL_CONVERSION = YES;
				CLANG_WARN_COMMA = YES;
				CLANG_WARN_CONSTANT_CONVERSION = YES;
				CLANG_WARN_DEPRECATED_OBJC_IMPLEMENTATIONS = YES;
				CLANG_WARN_DIRECT_OBJC_ISA_USAGE = YES_ERROR;
				CLANG_WARN_DOCUMENTATION_COMMENTS = YES;
				CLANG_WARN_EMPTY_BODY = YES;
				CLANG_WARN_ENUM_CONVERSION = YES;
				CLANG_WARN_INFINITE_RECURSION = YES;
				CLANG_WARN_INT_CONVERSION = YES;
				CLANG_WARN_NON_LITERAL_NULL_CONVERSION = YES;
				CLANG_WARN_OBJC_IMPLICIT_RETAIN_SELF = YES;
				CLANG_WARN_OBJC_LITERAL_CONVERSION = YES;
				CLANG_WARN_OBJC_ROOT_CLASS = YES_ERROR;
				CLANG_WARN_RANGE_LOOP_ANALYSIS = YES;
				CLANG_WARN_STRICT_PROTOTYPES = YES;
				CLANG_WARN_SUSPICIOUS_MOVE = YES;
				CLANG_WARN_UNGUARDED_AVAILABILITY = YES_AGGRESSIVE;
				CLANG_WARN_UNREACHABLE_CODE = YES;
				CLANG_WARN__DUPLICATE_METHOD_MATCH = YES;
				CODE_SIGN_IDENTITY = "iPhone Developer";
				COPY_PHASE_STRIP = NO;
				DEBUG_INFORMATION_FORMAT = dwarf;
				ENABLE_STRICT_OBJC_MSGSEND = YES;
				ENABLE_TESTABILITY = YES;
				GCC_C_LANGUAGE_STANDARD = gnu11;
				GCC_DYNAMIC_NO_PIC = NO;
				GCC_NO_COMMON_BLOCKS = YES;
				GCC_OPTIMIZATION_LEVEL = 0;
				GCC_PREPROCESSOR_DEFINITIONS = (
					"DEBUG=1",
					"$(inherited)",
				);
				GCC_WARN_64_TO_32_BIT_CONVERSION = YES;
				GCC_WARN_ABOUT_RETURN_TYPE = YES_ERROR;
				GCC_WARN_UNDECLARED_SELECTOR = YES;
				GCC_WARN_UNINITIALIZED_AUTOS = YES_AGGRESSIVE;
				GCC_WARN_UNUSED_FUNCTION = YES;
				GCC_WARN_UNUSED_VARIABLE = YES;
				IPHONEOS_DEPLOYMENT_TARGET = 12.1;
				MTL_ENABLE_DEBUG_INFO = INCLUDE_SOURCE;
				MTL_FAST_MATH = YES;
				ONLY_ACTIVE_ARCH = YES;
				SDKROOT = iphoneos;
				SWIFT_ACTIVE_COMPILATION_CONDITIONS = DEBUG;
				SWIFT_OPTIMIZATION_LEVEL = "-Onone";
			};
			name = Debug;
		};
		34BC92E622318ABD009C863F /* Release */ = {
			isa = XCBuildConfiguration;
			buildSettings = {
				ALWAYS_SEARCH_USER_PATHS = NO;
				CLANG_ANALYZER_NONNULL = YES;
				CLANG_ANALYZER_NUMBER_OBJECT_CONVERSION = YES_AGGRESSIVE;
				CLANG_CXX_LANGUAGE_STANDARD = "gnu++14";
				CLANG_CXX_LIBRARY = "libc++";
				CLANG_ENABLE_MODULES = YES;
				CLANG_ENABLE_OBJC_ARC = YES;
				CLANG_ENABLE_OBJC_WEAK = YES;
				CLANG_WARN_BLOCK_CAPTURE_AUTORELEASING = YES;
				CLANG_WARN_BOOL_CONVERSION = YES;
				CLANG_WARN_COMMA = YES;
				CLANG_WARN_CONSTANT_CONVERSION = YES;
				CLANG_WARN_DEPRECATED_OBJC_IMPLEMENTATIONS = YES;
				CLANG_WARN_DIRECT_OBJC_ISA_USAGE = YES_ERROR;
				CLANG_WARN_DOCUMENTATION_COMMENTS = YES;
				CLANG_WARN_EMPTY_BODY = YES;
				CLANG_WARN_ENUM_CONVERSION = YES;
				CLANG_WARN_INFINITE_RECURSION = YES;
				CLANG_WARN_INT_CONVERSION = YES;
				CLANG_WARN_NON_LITERAL_NULL_CONVERSION = YES;
				CLANG_WARN_OBJC_IMPLICIT_RETAIN_SELF = YES;
				CLANG_WARN_OBJC_LITERAL_CONVERSION = YES;
				CLANG_WARN_OBJC_ROOT_CLASS = YES_ERROR;
				CLANG_WARN_RANGE_LOOP_ANALYSIS = YES;
				CLANG_WARN_STRICT_PROTOTYPES = YES;
				CLANG_WARN_SUSPICIOUS_MOVE = YES;
				CLANG_WARN_UNGUARDED_AVAILABILITY = YES_AGGRESSIVE;
				CLANG_WARN_UNREACHABLE_CODE = YES;
				CLANG_WARN__DUPLICATE_METHOD_MATCH = YES;
				CODE_SIGN_IDENTITY = "iPhone Developer";
				COPY_PHASE_STRIP = NO;
				DEBUG_INFORMATION_FORMAT = "dwarf-with-dsym";
				ENABLE_NS_ASSERTIONS = NO;
				ENABLE_STRICT_OBJC_MSGSEND = YES;
				GCC_C_LANGUAGE_STANDARD = gnu11;
				GCC_NO_COMMON_BLOCKS = YES;
				GCC_WARN_64_TO_32_BIT_CONVERSION = YES;
				GCC_WARN_ABOUT_RETURN_TYPE = YES_ERROR;
				GCC_WARN_UNDECLARED_SELECTOR = YES;
				GCC_WARN_UNINITIALIZED_AUTOS = YES_AGGRESSIVE;
				GCC_WARN_UNUSED_FUNCTION = YES;
				GCC_WARN_UNUSED_VARIABLE = YES;
				IPHONEOS_DEPLOYMENT_TARGET = 12.1;
				MTL_ENABLE_DEBUG_INFO = NO;
				MTL_FAST_MATH = YES;
				SDKROOT = iphoneos;
				SWIFT_COMPILATION_MODE = wholemodule;
				SWIFT_OPTIMIZATION_LEVEL = "-O";
				VALIDATE_PRODUCT = YES;
			};
			name = Release;
		};
		34BC92E822318ABD009C863F /* Debug */ = {
			isa = XCBuildConfiguration;
			buildSettings = {
				ASSETCATALOG_COMPILER_APPICON_NAME = AppIcon;
				CODE_SIGN_STYLE = Automatic;
				DEVELOPMENT_TEAM = CC2FU4U4ZR;
				INFOPLIST_FILE = "$(SRCROOT)/AppleAlarmApp/Resources/Info.plist";
				LD_RUNPATH_SEARCH_PATHS = (
					"$(inherited)",
					"@executable_path/Frameworks",
				);
				PRODUCT_BUNDLE_IDENTIFIER = com.cjpendola.AppleAlarmApp;
				PRODUCT_NAME = "$(TARGET_NAME)";
				SWIFT_VERSION = 4.2;
				TARGETED_DEVICE_FAMILY = "1,2";
			};
			name = Debug;
		};
		34BC92E922318ABD009C863F /* Release */ = {
			isa = XCBuildConfiguration;
			buildSettings = {
				ASSETCATALOG_COMPILER_APPICON_NAME = AppIcon;
				CODE_SIGN_STYLE = Automatic;
				DEVELOPMENT_TEAM = CC2FU4U4ZR;
				INFOPLIST_FILE = "$(SRCROOT)/AppleAlarmApp/Resources/Info.plist";
				LD_RUNPATH_SEARCH_PATHS = (
					"$(inherited)",
					"@executable_path/Frameworks",
				);
				PRODUCT_BUNDLE_IDENTIFIER = com.cjpendola.AppleAlarmApp;
				PRODUCT_NAME = "$(TARGET_NAME)";
				SWIFT_VERSION = 4.2;
				TARGETED_DEVICE_FAMILY = "1,2";
			};
			name = Release;
		};
/* End XCBuildConfiguration section */

/* Begin XCConfigurationList section */
		34BC92D022318ABC009C863F /* Build configuration list for PBXProject "AppleAlarmApp" */ = {
			isa = XCConfigurationList;
			buildConfigurations = (
				34BC92E522318ABD009C863F /* Debug */,
				34BC92E622318ABD009C863F /* Release */,
			);
			defaultConfigurationIsVisible = 0;
			defaultConfigurationName = Release;
		};
		34BC92E722318ABD009C863F /* Build configuration list for PBXNativeTarget "AppleAlarmApp" */ = {
			isa = XCConfigurationList;
			buildConfigurations = (
				34BC92E822318ABD009C863F /* Debug */,
				34BC92E922318ABD009C863F /* Release */,
			);
			defaultConfigurationIsVisible = 0;
			defaultConfigurationName = Release;
		};
/* End XCConfigurationList section */
	};
	rootObject = 34BC92CD22318ABC009C863F /* Project object */;
}
